PODS:
  - Expecta (1.0.5)
  - FBSnapshotTestCase/Core (2.1.0)
  - KIF (3.9.0):
    - KIF/Core (= 3.9.0)
  - KIF/Core (3.9.0)
  - OCMock (3.3)
  - TTTAttributedLabel (2.0.0)

DEPENDENCIES:
  - Expecta
  - FBSnapshotTestCase/Core
  - KIF (~> 3.9.0)
  - OCMock
  - TTTAttributedLabel (from `../`)

SPEC REPOS:
  trunk:
    - Expecta
    - FBSnapshotTestCase
    - KIF
    - OCMock

EXTERNAL SOURCES:
  TTTAttributedLabel:
    :path: "../"

SPEC CHECKSUMS:
  Expecta: e1c022fcd33910b6be89c291d2775b3fe27a89fe
  FBSnapshotTestCase: 366ecd378511d7716c79991cd8067d1eed23578d
  KIF: 2bd28f6c15e5b448d578668586acc8c3fe603f06
  OCMock: d68685bde31f69cb61d518dcb39269080c78b5ed
  TTTAttributedLabel: 8cffe8e127e4e82ff3af1e5386d4cd0ad000b656

PODFILE CHECKSUM: cd2997da9579bbea0ee76586259518a7c1db43a8

COCOAPODS: 1.11.3
